
Microsoft Visual Studio Solution File, Format Version 12.00
# Visual Studio Version 16
VisualStudioVersion = 16.0.28729.10
MinimumVisualStudioVersion = 10.0.40219.1
Project("{FAE04EC0-301F-11D3-BF4B-00C04F79EFBC}") = "ImageChanging", "ImageChanging\ImageChanging.csproj", "{7B1F1900-ACC3-4871-A24B-76FB8EB83DED}"
EndProject
Global
	GlobalSection(SolutionConfigurationPlatforms) = preSolution
		Debug|Any CPU = Debug|Any CPU
		Release|Any CPU = Release|Any CPU
	EndGlobalSection
	GlobalSection(ProjectConfigurationPlatforms) = postSolution
		{7B1F1900-ACC3-4871-A24B-76FB8EB83DED}.Debug|Any CPU.ActiveCfg = Debug|Any CPU
		{7B1F1900-ACC3-4871-A24B-76FB8EB83DED}.Debug|Any CPU.Build.0 = Debug|Any CPU
		{7B1F1900-ACC3-4871-A24B-76FB8EB83DED}.Release|Any CPU.ActiveCfg = Release|Any CPU
		{7B1F1900-ACC3-4871-A24B-76FB8EB83DED}.Release|Any CPU.Build.0 = Release|Any CPU
	EndGlobalSection
	GlobalSection(SolutionProperties) = preSolution
		HideSolutionNode = FALSE
	EndGlobalSection
	GlobalSection(ExtensibilityGlobals) = postSolution
		SolutionGuid = {03F06F0E-27CB-454F-8C58-B16DBBBCFA1B}
	EndGlobalSection
EndGlobal
